
Microsoft Visual Studio Solution File, Format Version 12.00
# Visual Studio Version 17
VisualStudioVersion = 17.8.34408.163
MinimumVisualStudioVersion = 10.0.40219.1
Project("{FAE04EC0-301F-11D3-BF4B-00C04F79EFBC}") = "ConsoleApp2", "ConsoleApp2.csproj", "{E4755C91-5CC5-43A6-AAB4-EA4543FD263F}"
EndProject
Global
	GlobalSection(SolutionConfigurationPlatforms) = preSolution
		Debug|Any CPU = Debug|Any CPU
		Release|Any CPU = Release|Any CPU
	EndGlobalSection
	GlobalSection(ProjectConfigurationPlatforms) = postSolution
		{E4755C91-5CC5-43A6-AAB4-EA4543FD263F}.Debug|Any CPU.ActiveCfg = Debug|Any CPU
		{E4755C91-5CC5-43A6-AAB4-EA4543FD263F}.Debug|Any CPU.Build.0 = Debug|Any CPU
		{E4755C91-5CC5-43A6-AAB4-EA4543FD263F}.Release|Any CPU.ActiveCfg = Release|Any CPU
		{E4755C91-5CC5-43A6-AAB4-EA4543FD263F}.Release|Any CPU.Build.0 = Release|Any CPU
	EndGlobalSection
	GlobalSection(SolutionProperties) = preSolution
		HideSolutionNode = FALSE
	EndGlobalSection
	GlobalSection(ExtensibilityGlobals) = postSolution
		SolutionGuid = {E995D74A-6AE3-4006-882A-DDE077A77E4E}
	EndGlobalSection
EndGlobal
